
Microsoft Visual Studio Solution File, Format Version 12.00
# Visual Studio Version 17
VisualStudioVersion = 17.0.32126.317
MinimumVisualStudioVersion = 10.0.40219.1
Project("{9A19103F-16F7-4668-BE54-9A1E7A4F7556}") = "GPMVehicleControlSystem", "GPMVehicleControlSystem\GPMVehicleControlSystem.csproj", "{B4C7ACFF-A96A-48F9-8568-D23FC072E2B5}"
EndProject
Project("{9A19103F-16F7-4668-BE54-9A1E7A4F7556}") = "AGVSystemCommonNet6", "..\AGVSystemCommonNet6\AGVSystemCommonNet6.csproj", "{9AC46B46-1398-4CAA-B6A9-A5064EB8665C}"
EndProject
Project("{9A19103F-16F7-4668-BE54-9A1E7A4F7556}") = "GPMVehicleControlSystemTests", "GPMVehicleControlSystemTests\GPMVehicleControlSystemTests.csproj", "{8288C27F-5EE7-4E2D-B6F4-C857B568AB94}"
EndProject
Project("{9A19103F-16F7-4668-BE54-9A1E7A4F7556}") = "RosBridgeClient", "..\RosBridgeClient\RosBridgeClient.csproj", "{FF2136F4-0EDE-44F4-A321-78A4F61ABB7A}"
EndProject
Project("{FAE04EC0-301F-11D3-BF4B-00C04F79EFBC}") = "OTAUpdateService", "OTAUpdateService\OTAUpdateService.csproj", "{CBCB02EC-12B3-48DC-984C-80AD28F3F14D}"
EndProject
Global
	GlobalSection(SolutionConfigurationPlatforms) = preSolution
		Debug|Any CPU = Debug|Any CPU
		Release|Any CPU = Release|Any CPU
	EndGlobalSection
	GlobalSection(ProjectConfigurationPlatforms) = postSolution
		{B4C7ACFF-A96A-48F9-8568-D23FC072E2B5}.Debug|Any CPU.ActiveCfg = Debug|Any CPU
		{B4C7ACFF-A96A-48F9-8568-D23FC072E2B5}.Debug|Any CPU.Build.0 = Debug|Any CPU
		{B4C7ACFF-A96A-48F9-8568-D23FC072E2B5}.Release|Any CPU.ActiveCfg = Release|Any CPU
		{B4C7ACFF-A96A-48F9-8568-D23FC072E2B5}.Release|Any CPU.Build.0 = Release|Any CPU
		{9AC46B46-1398-4CAA-B6A9-A5064EB8665C}.Debug|Any CPU.ActiveCfg = Debug|Any CPU
		{9AC46B46-1398-4CAA-B6A9-A5064EB8665C}.Debug|Any CPU.Build.0 = Debug|Any CPU
		{9AC46B46-1398-4CAA-B6A9-A5064EB8665C}.Release|Any CPU.ActiveCfg = Release|Any CPU
		{9AC46B46-1398-4CAA-B6A9-A5064EB8665C}.Release|Any CPU.Build.0 = Release|Any CPU
		{8288C27F-5EE7-4E2D-B6F4-C857B568AB94}.Debug|Any CPU.ActiveCfg = Debug|Any CPU
		{8288C27F-5EE7-4E2D-B6F4-C857B568AB94}.Debug|Any CPU.Build.0 = Debug|Any CPU
		{8288C27F-5EE7-4E2D-B6F4-C857B568AB94}.Release|Any CPU.ActiveCfg = Release|Any CPU
		{8288C27F-5EE7-4E2D-B6F4-C857B568AB94}.Release|Any CPU.Build.0 = Release|Any CPU
		{FF2136F4-0EDE-44F4-A321-78A4F61ABB7A}.Debug|Any CPU.ActiveCfg = Debug|Any CPU
		{FF2136F4-0EDE-44F4-A321-78A4F61ABB7A}.Debug|Any CPU.Build.0 = Debug|Any CPU
		{FF2136F4-0EDE-44F4-A321-78A4F61ABB7A}.Release|Any CPU.ActiveCfg = Release|Any CPU
		{FF2136F4-0EDE-44F4-A321-78A4F61ABB7A}.Release|Any CPU.Build.0 = Release|Any CPU
		{CBCB02EC-12B3-48DC-984C-80AD28F3F14D}.Debug|Any CPU.ActiveCfg = Debug|Any CPU
		{CBCB02EC-12B3-48DC-984C-80AD28F3F14D}.Debug|Any CPU.Build.0 = Debug|Any CPU
		{CBCB02EC-12B3-48DC-984C-80AD28F3F14D}.Release|Any CPU.ActiveCfg = Release|Any CPU
		{CBCB02EC-12B3-48DC-984C-80AD28F3F14D}.Release|Any CPU.Build.0 = Release|Any CPU
	EndGlobalSection
	GlobalSection(SolutionProperties) = preSolution
		HideSolutionNode = FALSE
	EndGlobalSection
	GlobalSection(ExtensibilityGlobals) = postSolution
		SolutionGuid = {91EEF8DB-FB65-492A-801F-11465AF138E5}
	EndGlobalSection
EndGlobal
