
Microsoft Visual Studio Solution File, Format Version 12.00
# Visual Studio Version 17
VisualStudioVersion = 17.5.002.0
MinimumVisualStudioVersion = 10.0.40219.1
Project("{9A19103F-16F7-4668-BE54-9A1E7A4F7556}") = "GPMVehicleControlSystem", "GPMVehicleControlSystem.csproj", "{54AFD2B6-6978-4AE7-A138-3BE9A8EF87F7}"
EndProject
Global
	GlobalSection(SolutionConfigurationPlatforms) = preSolution
		Debug|Any CPU = Debug|Any CPU
		Release|Any CPU = Release|Any CPU
	EndGlobalSection
	GlobalSection(ProjectConfigurationPlatforms) = postSolution
		{54AFD2B6-6978-4AE7-A138-3BE9A8EF87F7}.Debug|Any CPU.ActiveCfg = Debug|Any CPU
		{54AFD2B6-6978-4AE7-A138-3BE9A8EF87F7}.Debug|Any CPU.Build.0 = Debug|Any CPU
		{54AFD2B6-6978-4AE7-A138-3BE9A8EF87F7}.Release|Any CPU.ActiveCfg = Release|Any CPU
		{54AFD2B6-6978-4AE7-A138-3BE9A8EF87F7}.Release|Any CPU.Build.0 = Release|Any CPU
	EndGlobalSection
	GlobalSection(SolutionProperties) = preSolution
		HideSolutionNode = FALSE
	EndGlobalSection
	GlobalSection(ExtensibilityGlobals) = postSolution
		SolutionGuid = {1CF887FD-8249-4B58-9125-D4F05A5706C8}
	EndGlobalSection
EndGlobal
